
Microsoft Visual Studio Solution File, Format Version 12.00
# Visual Studio Version 16
VisualStudioVersion = 16.0.30611.23
MinimumVisualStudioVersion = 10.0.40219.1
Project("{8BC9CEB8-8B4A-11D0-8D11-00A0C91BC942}") = "sum2Numbers", "sum2Numbers.vcxproj", "{CEB449C7-C5B6-48BA-B1A1-BB6B8FDAC50A}"
EndProject
Global
	GlobalSection(SolutionConfigurationPlatforms) = preSolution
		Debug|x64 = Debug|x64
		Debug|x86 = Debug|x86
		Release|x64 = Release|x64
		Release|x86 = Release|x86
	EndGlobalSection
	GlobalSection(ProjectConfigurationPlatforms) = postSolution
		{CEB449C7-C5B6-48BA-B1A1-BB6B8FDAC50A}.Debug|x64.ActiveCfg = Debug|x64
		{CEB449C7-C5B6-48BA-B1A1-BB6B8FDAC50A}.Debug|x64.Build.0 = Debug|x64
		{CEB449C7-C5B6-48BA-B1A1-BB6B8FDAC50A}.Debug|x86.ActiveCfg = Debug|Win32
		{CEB449C7-C5B6-48BA-B1A1-BB6B8FDAC50A}.Debug|x86.Build.0 = Debug|Win32
		{CEB449C7-C5B6-48BA-B1A1-BB6B8FDAC50A}.Release|x64.ActiveCfg = Release|x64
		{CEB449C7-C5B6-48BA-B1A1-BB6B8FDAC50A}.Release|x64.Build.0 = Release|x64
		{CEB449C7-C5B6-48BA-B1A1-BB6B8FDAC50A}.Release|x86.ActiveCfg = Release|Win32
		{CEB449C7-C5B6-48BA-B1A1-BB6B8FDAC50A}.Release|x86.Build.0 = Release|Win32
	EndGlobalSection
	GlobalSection(SolutionProperties) = preSolution
		HideSolutionNode = FALSE
	EndGlobalSection
	GlobalSection(ExtensibilityGlobals) = postSolution
		SolutionGuid = {8547359F-8CE3-4437-BEAB-154D2A553B38}
	EndGlobalSection
EndGlobal
